
Microsoft Visual Studio Solution File, Format Version 12.00
# Visual Studio 2012
Project("{FAE04EC0-301F-11D3-BF4B-00C04F79EFBC}") = "NetworksLab1Client", "NetworksLab1Client\NetworksLab1Client.csproj", "{6A4BC3A3-DA9F-4951-960B-4E2409505108}"
EndProject
Global
	GlobalSection(SolutionConfigurationPlatforms) = preSolution
		Debug|Any CPU = Debug|Any CPU
		Release|Any CPU = Release|Any CPU
	EndGlobalSection
	GlobalSection(ProjectConfigurationPlatforms) = postSolution
		{6A4BC3A3-DA9F-4951-960B-4E2409505108}.Debug|Any CPU.ActiveCfg = Debug|Any CPU
		{6A4BC3A3-DA9F-4951-960B-4E2409505108}.Debug|Any CPU.Build.0 = Debug|Any CPU
		{6A4BC3A3-DA9F-4951-960B-4E2409505108}.Release|Any CPU.ActiveCfg = Release|Any CPU
		{6A4BC3A3-DA9F-4951-960B-4E2409505108}.Release|Any CPU.Build.0 = Release|Any CPU
	EndGlobalSection
	GlobalSection(SolutionProperties) = preSolution
		HideSolutionNode = FALSE
	EndGlobalSection
EndGlobal
