
Microsoft Visual Studio Solution File, Format Version 12.00
# Visual Studio 2012
Project("{FAE04EC0-301F-11D3-BF4B-00C04F79EFBC}") = "NetworksLab2FTPClient", "NetworksLab2FTPClient\NetworksLab2FTPClient.csproj", "{3E9510B4-B72F-441A-8681-FEA65E9C3F4C}"
EndProject
Global
	GlobalSection(SolutionConfigurationPlatforms) = preSolution
		Debug|Any CPU = Debug|Any CPU
		Release|Any CPU = Release|Any CPU
	EndGlobalSection
	GlobalSection(ProjectConfigurationPlatforms) = postSolution
		{3E9510B4-B72F-441A-8681-FEA65E9C3F4C}.Debug|Any CPU.ActiveCfg = Debug|Any CPU
		{3E9510B4-B72F-441A-8681-FEA65E9C3F4C}.Debug|Any CPU.Build.0 = Debug|Any CPU
		{3E9510B4-B72F-441A-8681-FEA65E9C3F4C}.Release|Any CPU.ActiveCfg = Release|Any CPU
		{3E9510B4-B72F-441A-8681-FEA65E9C3F4C}.Release|Any CPU.Build.0 = Release|Any CPU
	EndGlobalSection
	GlobalSection(SolutionProperties) = preSolution
		HideSolutionNode = FALSE
	EndGlobalSection
EndGlobal
