
Microsoft Visual Studio Solution File, Format Version 12.00
# Visual Studio 2013
VisualStudioVersion = 12.0.31101.0
MinimumVisualStudioVersion = 10.0.40219.1
Project("{FAE04EC0-301F-11D3-BF4B-00C04F79EFBC}") = "NetworksLab3CompressionServer", "NetworksLab3CompressionServer\NetworksLab3CompressionServer.csproj", "{E0550A47-A15F-4651-B49E-9491512FCFC8}"
EndProject
Global
	GlobalSection(SolutionConfigurationPlatforms) = preSolution
		Debug|Any CPU = Debug|Any CPU
		Release|Any CPU = Release|Any CPU
	EndGlobalSection
	GlobalSection(ProjectConfigurationPlatforms) = postSolution
		{E0550A47-A15F-4651-B49E-9491512FCFC8}.Debug|Any CPU.ActiveCfg = Debug|Any CPU
		{E0550A47-A15F-4651-B49E-9491512FCFC8}.Debug|Any CPU.Build.0 = Debug|Any CPU
		{E0550A47-A15F-4651-B49E-9491512FCFC8}.Release|Any CPU.ActiveCfg = Release|Any CPU
		{E0550A47-A15F-4651-B49E-9491512FCFC8}.Release|Any CPU.Build.0 = Release|Any CPU
	EndGlobalSection
	GlobalSection(SolutionProperties) = preSolution
		HideSolutionNode = FALSE
	EndGlobalSection
EndGlobal
