
Microsoft Visual Studio Solution File, Format Version 12.00
# Visual Studio 2013
VisualStudioVersion = 12.0.31101.0
MinimumVisualStudioVersion = 10.0.40219.1
Project("{FAE04EC0-301F-11D3-BF4B-00C04F79EFBC}") = "NetworksLab3Compression", "NetworksLab3Compression\NetworksLab3Compression.csproj", "{EB51D1D3-D7DB-45B9-A006-CAC3821106DC}"
EndProject
Project("{FAE04EC0-301F-11D3-BF4B-00C04F79EFBC}") = "NetworksLab3CompressionServer", "NetworksLab3CompressionServer\NetworksLab3CompressionServer.csproj", "{E0550A47-A15F-4651-B49E-9491512FCFC8}"
EndProject
Project("{FAE04EC0-301F-11D3-BF4B-00C04F79EFBC}") = "Compression", "Compression\Compression.csproj", "{E23D0A96-5994-480D-B0DB-B5C8A9FD9967}"
EndProject
Global
	GlobalSection(SolutionConfigurationPlatforms) = preSolution
		Debug|Any CPU = Debug|Any CPU
		Release|Any CPU = Release|Any CPU
	EndGlobalSection
	GlobalSection(ProjectConfigurationPlatforms) = postSolution
		{EB51D1D3-D7DB-45B9-A006-CAC3821106DC}.Debug|Any CPU.ActiveCfg = Debug|Any CPU
		{EB51D1D3-D7DB-45B9-A006-CAC3821106DC}.Debug|Any CPU.Build.0 = Debug|Any CPU
		{EB51D1D3-D7DB-45B9-A006-CAC3821106DC}.Release|Any CPU.ActiveCfg = Release|Any CPU
		{EB51D1D3-D7DB-45B9-A006-CAC3821106DC}.Release|Any CPU.Build.0 = Release|Any CPU
		{E0550A47-A15F-4651-B49E-9491512FCFC8}.Debug|Any CPU.ActiveCfg = Debug|Any CPU
		{E0550A47-A15F-4651-B49E-9491512FCFC8}.Debug|Any CPU.Build.0 = Debug|Any CPU
		{E0550A47-A15F-4651-B49E-9491512FCFC8}.Release|Any CPU.ActiveCfg = Release|Any CPU
		{E0550A47-A15F-4651-B49E-9491512FCFC8}.Release|Any CPU.Build.0 = Release|Any CPU
		{E23D0A96-5994-480D-B0DB-B5C8A9FD9967}.Debug|Any CPU.ActiveCfg = Debug|Any CPU
		{E23D0A96-5994-480D-B0DB-B5C8A9FD9967}.Debug|Any CPU.Build.0 = Debug|Any CPU
		{E23D0A96-5994-480D-B0DB-B5C8A9FD9967}.Release|Any CPU.ActiveCfg = Release|Any CPU
		{E23D0A96-5994-480D-B0DB-B5C8A9FD9967}.Release|Any CPU.Build.0 = Release|Any CPU
	EndGlobalSection
	GlobalSection(SolutionProperties) = preSolution
		HideSolutionNode = FALSE
	EndGlobalSection
EndGlobal
